
Microsoft Visual Studio Solution File, Format Version 12.00
# Visual Studio 14
VisualStudioVersion = 14.0.25123.0
MinimumVisualStudioVersion = 10.0.40219.1
Project("{FAE04EC0-301F-11D3-BF4B-00C04F79EFBC}") = "FoodMood.Web", "FoodMood.Web\FoodMood.Web.csproj", "{2D75D8B1-97F1-4443-921E-5BFF4F6D4405}"
EndProject
Project("{FAE04EC0-301F-11D3-BF4B-00C04F79EFBC}") = "FoodMood.Data", "FoodMood.Data\FoodMood.Data.csproj", "{6E7613F6-3621-44FB-B90A-22C5454E1B18}"
EndProject
Global
	GlobalSection(SolutionConfigurationPlatforms) = preSolution
		AzureTest|Any CPU = AzureTest|Any CPU
		Debug|Any CPU = Debug|Any CPU
		Release|Any CPU = Release|Any CPU
	EndGlobalSection
	GlobalSection(ProjectConfigurationPlatforms) = postSolution
		{2D75D8B1-97F1-4443-921E-5BFF4F6D4405}.AzureTest|Any CPU.ActiveCfg = Release|Any CPU
		{2D75D8B1-97F1-4443-921E-5BFF4F6D4405}.AzureTest|Any CPU.Build.0 = Release|Any CPU
		{2D75D8B1-97F1-4443-921E-5BFF4F6D4405}.Debug|Any CPU.ActiveCfg = Debug|Any CPU
		{2D75D8B1-97F1-4443-921E-5BFF4F6D4405}.Debug|Any CPU.Build.0 = Debug|Any CPU
		{2D75D8B1-97F1-4443-921E-5BFF4F6D4405}.Release|Any CPU.ActiveCfg = Release|Any CPU
		{2D75D8B1-97F1-4443-921E-5BFF4F6D4405}.Release|Any CPU.Build.0 = Release|Any CPU
		{6E7613F6-3621-44FB-B90A-22C5454E1B18}.AzureTest|Any CPU.ActiveCfg = Release|Any CPU
		{6E7613F6-3621-44FB-B90A-22C5454E1B18}.AzureTest|Any CPU.Build.0 = Release|Any CPU
		{6E7613F6-3621-44FB-B90A-22C5454E1B18}.Debug|Any CPU.ActiveCfg = Debug|Any CPU
		{6E7613F6-3621-44FB-B90A-22C5454E1B18}.Debug|Any CPU.Build.0 = Debug|Any CPU
		{6E7613F6-3621-44FB-B90A-22C5454E1B18}.Release|Any CPU.ActiveCfg = Release|Any CPU
		{6E7613F6-3621-44FB-B90A-22C5454E1B18}.Release|Any CPU.Build.0 = Release|Any CPU
	EndGlobalSection
	GlobalSection(SolutionProperties) = preSolution
		HideSolutionNode = FALSE
	EndGlobalSection
EndGlobal
